// !$*UTF8*$!
{
	archiveVersion = 1;
	classes = {
	};
	objectVersion = 50;
	objects = {

/* Begin PBXBuildFile section */
		08264225234441B000BF80EA /* BookProtocol.swift in Sources */ = {isa = PBXBuildFile; fileRef = 08264224234441B000BF80EA /* BookProtocol.swift */; };
		086957E72341E005002EE323 /* AppDelegate.swift in Sources */ = {isa = PBXBuildFile; fileRef = 086957E62341E005002EE323 /* AppDelegate.swift */; };
		086957EC2341E005002EE323 /* Main.storyboard in Resources */ = {isa = PBXBuildFile; fileRef = 086957EA2341E005002EE323 /* Main.storyboard */; };
		086957EF2341E005002EE323 /* NetzmeFindBook.xcdatamodeld in Sources */ = {isa = PBXBuildFile; fileRef = 086957ED2341E005002EE323 /* NetzmeFindBook.xcdatamodeld */; };
		086957F12341E006002EE323 /* Assets.xcassets in Resources */ = {isa = PBXBuildFile; fileRef = 086957F02341E006002EE323 /* Assets.xcassets */; };
		086957F42341E006002EE323 /* LaunchScreen.storyboard in Resources */ = {isa = PBXBuildFile; fileRef = 086957F22341E006002EE323 /* LaunchScreen.storyboard */; };
		086EFB58234350B000208289 /* ListCollectionViewController.swift in Sources */ = {isa = PBXBuildFile; fileRef = 086EFB57234350B000208289 /* ListCollectionViewController.swift */; };
		086EFB5A234350D600208289 /* ListCell.swift in Sources */ = {isa = PBXBuildFile; fileRef = 086EFB59234350D600208289 /* ListCell.swift */; };
		086EFB5C234351D200208289 /* SearchListHeaderView.swift in Sources */ = {isa = PBXBuildFile; fileRef = 086EFB5B234351D200208289 /* SearchListHeaderView.swift */; };
		08C63C572341ED4800A3600A /* HomeViewController.swift in Sources */ = {isa = PBXBuildFile; fileRef = 08C63C562341ED4800A3600A /* HomeViewController.swift */; };
		08C63C59234209E200A3600A /* APIRouter.swift in Sources */ = {isa = PBXBuildFile; fileRef = 08C63C58234209E200A3600A /* APIRouter.swift */; };
		08C63C5B23420D5F00A3600A /* Constant.swift in Sources */ = {isa = PBXBuildFile; fileRef = 08C63C5A23420D5F00A3600A /* Constant.swift */; };
		08C63C5D2342129A00A3600A /* NetworkManager.swift in Sources */ = {isa = PBXBuildFile; fileRef = 08C63C5C2342129A00A3600A /* NetworkManager.swift */; };
		08C63C5F2342138E00A3600A /* BukuModel.swift in Sources */ = {isa = PBXBuildFile; fileRef = 08C63C5E2342138E00A3600A /* BukuModel.swift */; };
		E412DF0E041241305BA1BA79 /* Pods_NetzmeFindBook.framework in Frameworks */ = {isa = PBXBuildFile; fileRef = F221CDEEE6C0E08685EA2E97 /* Pods_NetzmeFindBook.framework */; };
/* End PBXBuildFile section */

/* Begin PBXFileReference section */
		08264224234441B000BF80EA /* BookProtocol.swift */ = {isa = PBXFileReference; lastKnownFileType = sourcecode.swift; path = BookProtocol.swift; sourceTree = "<group>"; };
		086957E32341E005002EE323 /* NetzmeFindBook.app */ = {isa = PBXFileReference; explicitFileType = wrapper.application; includeInIndex = 0; path = NetzmeFindBook.app; sourceTree = BUILT_PRODUCTS_DIR; };
		086957E62341E005002EE323 /* AppDelegate.swift */ = {isa = PBXFileReference; lastKnownFileType = sourcecode.swift; path = AppDelegate.swift; sourceTree = "<group>"; };
		086957EB2341E005002EE323 /* Base */ = {isa = PBXFileReference; lastKnownFileType = file.storyboard; name = Base; path = Base.lproj/Main.storyboard; sourceTree = "<group>"; };
		086957EE2341E005002EE323 /* NetzmeFindBook.xcdatamodel */ = {isa = PBXFileReference; lastKnownFileType = wrapper.xcdatamodel; path = NetzmeFindBook.xcdatamodel; sourceTree = "<group>"; };
		086957F02341E006002EE323 /* Assets.xcassets */ = {isa = PBXFileReference; lastKnownFileType = folder.assetcatalog; path = Assets.xcassets; sourceTree = "<group>"; };
		086957F32341E006002EE323 /* Base */ = {isa = PBXFileReference; lastKnownFileType = file.storyboard; name = Base; path = Base.lproj/LaunchScreen.storyboard; sourceTree = "<group>"; };
		086957F52341E006002EE323 /* Info.plist */ = {isa = PBXFileReference; lastKnownFileType = text.plist.xml; path = Info.plist; sourceTree = "<group>"; };
		086EFB57234350B000208289 /* ListCollectionViewController.swift */ = {isa = PBXFileReference; lastKnownFileType = sourcecode.swift; path = ListCollectionViewController.swift; sourceTree = "<group>"; };
		086EFB59234350D600208289 /* ListCell.swift */ = {isa = PBXFileReference; lastKnownFileType = sourcecode.swift; path = ListCell.swift; sourceTree = "<group>"; };
		086EFB5B234351D200208289 /* SearchListHeaderView.swift */ = {isa = PBXFileReference; lastKnownFileType = sourcecode.swift; path = SearchListHeaderView.swift; sourceTree = "<group>"; };
		08C63C562341ED4800A3600A /* HomeViewController.swift */ = {isa = PBXFileReference; lastKnownFileType = sourcecode.swift; path = HomeViewController.swift; sourceTree = "<group>"; };
		08C63C58234209E200A3600A /* APIRouter.swift */ = {isa = PBXFileReference; lastKnownFileType = sourcecode.swift; path = APIRouter.swift; sourceTree = "<group>"; };
		08C63C5A23420D5F00A3600A /* Constant.swift */ = {isa = PBXFileReference; lastKnownFileType = sourcecode.swift; path = Constant.swift; sourceTree = "<group>"; };
		08C63C5C2342129A00A3600A /* NetworkManager.swift */ = {isa = PBXFileReference; lastKnownFileType = sourcecode.swift; path = NetworkManager.swift; sourceTree = "<group>"; };
		08C63C5E2342138E00A3600A /* BukuModel.swift */ = {isa = PBXFileReference; lastKnownFileType = sourcecode.swift; path = BukuModel.swift; sourceTree = "<group>"; };
		9FDA41279FAC96F1C4FD512E /* Pods-NetzmeFindBook.debug.xcconfig */ = {isa = PBXFileReference; includeInIndex = 1; lastKnownFileType = text.xcconfig; name = "Pods-NetzmeFindBook.debug.xcconfig"; path = "Pods/Target Support Files/Pods-NetzmeFindBook/Pods-NetzmeFindBook.debug.xcconfig"; sourceTree = "<group>"; };
		AAD92F555E2B992C56EB37C5 /* Pods-NetzmeFindBook.release.xcconfig */ = {isa = PBXFileReference; includeInIndex = 1; lastKnownFileType = text.xcconfig; name = "Pods-NetzmeFindBook.release.xcconfig"; path = "Pods/Target Support Files/Pods-NetzmeFindBook/Pods-NetzmeFindBook.release.xcconfig"; sourceTree = "<group>"; };
		F221CDEEE6C0E08685EA2E97 /* Pods_NetzmeFindBook.framework */ = {isa = PBXFileReference; explicitFileType = wrapper.framework; includeInIndex = 0; path = Pods_NetzmeFindBook.framework; sourceTree = BUILT_PRODUCTS_DIR; };
/* End PBXFileReference section */

/* Begin PBXFrameworksBuildPhase section */
		086957E02341E005002EE323 /* Frameworks */ = {
			isa = PBXFrameworksBuildPhase;
			buildActionMask = 2147483647;
			files = (
				E412DF0E041241305BA1BA79 /* Pods_NetzmeFindBook.framework in Frameworks */,
			);
			runOnlyForDeploymentPostprocessing = 0;
		};
/* End PBXFrameworksBuildPhase section */

/* Begin PBXGroup section */
		082642232344418A00BF80EA /* Protocol */ = {
			isa = PBXGroup;
			children = (
				08264224234441B000BF80EA /* BookProtocol.swift */,
			);
			path = Protocol;
			sourceTree = "<group>";
		};
		086957DA2341E005002EE323 = {
			isa = PBXGroup;
			children = (
				086957E52341E005002EE323 /* NetzmeFindBook */,
				086957E42341E005002EE323 /* Products */,
				C7620D1CD1659A835DECD9A4 /* Pods */,
				999E22ABD6AC0CD16D629B21 /* Frameworks */,
			);
			sourceTree = "<group>";
		};
		086957E42341E005002EE323 /* Products */ = {
			isa = PBXGroup;
			children = (
				086957E32341E005002EE323 /* NetzmeFindBook.app */,
			);
			name = Products;
			sourceTree = "<group>";
		};
		086957E52341E005002EE323 /* NetzmeFindBook */ = {
			isa = PBXGroup;
			children = (
				086957E62341E005002EE323 /* AppDelegate.swift */,
				08C63C5A23420D5F00A3600A /* Constant.swift */,
				08C63C4D2341E76A00A3600A /* API Manager */,
				082642232344418A00BF80EA /* Protocol */,
				08C63C502341E78800A3600A /* Models */,
				08C63C4E2341E77300A3600A /* Controllers */,
				08C63C532341E80D00A3600A /* Cells */,
				08C63C512341E7E600A3600A /* Views */,
				086957ED2341E005002EE323 /* NetzmeFindBook.xcdatamodeld */,
				08C63C4C2341E71F00A3600A /* Resources */,
			);
			path = NetzmeFindBook;
			sourceTree = "<group>";
		};
		08C63C4C2341E71F00A3600A /* Resources */ = {
			isa = PBXGroup;
			children = (
				086957F02341E006002EE323 /* Assets.xcassets */,
				086957F52341E006002EE323 /* Info.plist */,
			);
			path = Resources;
			sourceTree = "<group>";
		};
		08C63C4D2341E76A00A3600A /* API Manager */ = {
			isa = PBXGroup;
			children = (
				08C63C58234209E200A3600A /* APIRouter.swift */,
				08C63C5C2342129A00A3600A /* NetworkManager.swift */,
			);
			path = "API Manager";
			sourceTree = "<group>";
		};
		08C63C4E2341E77300A3600A /* Controllers */ = {
			isa = PBXGroup;
			children = (
				08C63C562341ED4800A3600A /* HomeViewController.swift */,
				086EFB57234350B000208289 /* ListCollectionViewController.swift */,
				086EFB5B234351D200208289 /* SearchListHeaderView.swift */,
			);
			path = Controllers;
			sourceTree = "<group>";
		};
		08C63C502341E78800A3600A /* Models */ = {
			isa = PBXGroup;
			children = (
				08C63C5E2342138E00A3600A /* BukuModel.swift */,
			);
			path = Models;
			sourceTree = "<group>";
		};
		08C63C512341E7E600A3600A /* Views */ = {
			isa = PBXGroup;
			children = (
				08C63C522341E7F500A3600A /* Sub Views */,
				086957EA2341E005002EE323 /* Main.storyboard */,
				086957F22341E006002EE323 /* LaunchScreen.storyboard */,
			);
			path = Views;
			sourceTree = "<group>";
		};
		08C63C522341E7F500A3600A /* Sub Views */ = {
			isa = PBXGroup;
			children = (
			);
			path = "Sub Views";
			sourceTree = "<group>";
		};
		08C63C532341E80D00A3600A /* Cells */ = {
			isa = PBXGroup;
			children = (
				086EFB59234350D600208289 /* ListCell.swift */,
			);
			path = Cells;
			sourceTree = "<group>";
		};
		999E22ABD6AC0CD16D629B21 /* Frameworks */ = {
			isa = PBXGroup;
			children = (
				F221CDEEE6C0E08685EA2E97 /* Pods_NetzmeFindBook.framework */,
			);
			name = Frameworks;
			sourceTree = "<group>";
		};
		C7620D1CD1659A835DECD9A4 /* Pods */ = {
			isa = PBXGroup;
			children = (
				9FDA41279FAC96F1C4FD512E /* Pods-NetzmeFindBook.debug.xcconfig */,
				AAD92F555E2B992C56EB37C5 /* Pods-NetzmeFindBook.release.xcconfig */,
			);
			name = Pods;
			sourceTree = "<group>";
		};
/* End PBXGroup section */

/* Begin PBXNativeTarget section */
		086957E22341E005002EE323 /* NetzmeFindBook */ = {
			isa = PBXNativeTarget;
			buildConfigurationList = 086957F82341E006002EE323 /* Build configuration list for PBXNativeTarget "NetzmeFindBook" */;
			buildPhases = (
				C2AD77D3B27BE9894AB18452 /* [CP] Check Pods Manifest.lock */,
				086957DF2341E005002EE323 /* Sources */,
				086957E02341E005002EE323 /* Frameworks */,
				086957E12341E005002EE323 /* Resources */,
				96A7D6941D06B5B9F5B31898 /* [CP] Embed Pods Frameworks */,
			);
			buildRules = (
			);
			dependencies = (
			);
			name = NetzmeFindBook;
			productName = NetzmeFindBook;
			productReference = 086957E32341E005002EE323 /* NetzmeFindBook.app */;
			productType = "com.apple.product-type.application";
		};
/* End PBXNativeTarget section */

/* Begin PBXProject section */
		086957DB2341E005002EE323 /* Project object */ = {
			isa = PBXProject;
			attributes = {
				LastSwiftUpdateCheck = 1020;
				LastUpgradeCheck = 1020;
				ORGANIZATIONNAME = "Mario Muhammad";
				TargetAttributes = {
					086957E22341E005002EE323 = {
						CreatedOnToolsVersion = 10.2;
					};
				};
			};
			buildConfigurationList = 086957DE2341E005002EE323 /* Build configuration list for PBXProject "NetzmeFindBook" */;
			compatibilityVersion = "Xcode 9.3";
			developmentRegion = en;
			hasScannedForEncodings = 0;
			knownRegions = (
				en,
				Base,
			);
			mainGroup = 086957DA2341E005002EE323;
			productRefGroup = 086957E42341E005002EE323 /* Products */;
			projectDirPath = "";
			projectRoot = "";
			targets = (
				086957E22341E005002EE323 /* NetzmeFindBook */,
			);
		};
/* End PBXProject section */

/* Begin PBXResourcesBuildPhase section */
		086957E12341E005002EE323 /* Resources */ = {
			isa = PBXResourcesBuildPhase;
			buildActionMask = 2147483647;
			files = (
				086957F42341E006002EE323 /* LaunchScreen.storyboard in Resources */,
				086957F12341E006002EE323 /* Assets.xcassets in Resources */,
				086957EC2341E005002EE323 /* Main.storyboard in Resources */,
			);
			runOnlyForDeploymentPostprocessing = 0;
		};
/* End PBXResourcesBuildPhase section */

/* Begin PBXShellScriptBuildPhase section */
		96A7D6941D06B5B9F5B31898 /* [CP] Embed Pods Frameworks */ = {
			isa = PBXShellScriptBuildPhase;
			buildActionMask = 2147483647;
			files = (
			);
			inputPaths = (
				"${SRCROOT}/Pods/Target Support Files/Pods-NetzmeFindBook/Pods-NetzmeFindBook-frameworks.sh",
				"${BUILT_PRODUCTS_DIR}/Alamofire/Alamofire.framework",
				"${BUILT_PRODUCTS_DIR}/Kingfisher/Kingfisher.framework",
				"${BUILT_PRODUCTS_DIR}/SwiftyJSON/SwiftyJSON.framework",
			);
			name = "[CP] Embed Pods Frameworks";
			outputPaths = (
				"${TARGET_BUILD_DIR}/${FRAMEWORKS_FOLDER_PATH}/Alamofire.framework",
				"${TARGET_BUILD_DIR}/${FRAMEWORKS_FOLDER_PATH}/Kingfisher.framework",
				"${TARGET_BUILD_DIR}/${FRAMEWORKS_FOLDER_PATH}/SwiftyJSON.framework",
			);
			runOnlyForDeploymentPostprocessing = 0;
			shellPath = /bin/sh;
			shellScript = "\"${SRCROOT}/Pods/Target Support Files/Pods-NetzmeFindBook/Pods-NetzmeFindBook-frameworks.sh\"\n";
			showEnvVarsInLog = 0;
		};
		C2AD77D3B27BE9894AB18452 /* [CP] Check Pods Manifest.lock */ = {
			isa = PBXShellScriptBuildPhase;
			buildActionMask = 2147483647;
			files = (
			);
			inputPaths = (
				"${PODS_PODFILE_DIR_PATH}/Podfile.lock",
				"${PODS_ROOT}/Manifest.lock",
			);
			name = "[CP] Check Pods Manifest.lock";
			outputPaths = (
				"$(DERIVED_FILE_DIR)/Pods-NetzmeFindBook-checkManifestLockResult.txt",
			);
			runOnlyForDeploymentPostprocessing = 0;
			shellPath = /bin/sh;
			shellScript = "diff \"${PODS_PODFILE_DIR_PATH}/Podfile.lock\" \"${PODS_ROOT}/Manifest.lock\" > /dev/null\nif [ $? != 0 ] ; then\n    # print error to STDERR\n    echo \"error: The sandbox is not in sync with the Podfile.lock. Run 'pod install' or update your CocoaPods installation.\" >&2\n    exit 1\nfi\n# This output is used by Xcode 'outputs' to avoid re-running this script phase.\necho \"SUCCESS\" > \"${SCRIPT_OUTPUT_FILE_0}\"\n";
			showEnvVarsInLog = 0;
		};
/* End PBXShellScriptBuildPhase section */

/* Begin PBXSourcesBuildPhase section */
		086957DF2341E005002EE323 /* Sources */ = {
			isa = PBXSourcesBuildPhase;
			buildActionMask = 2147483647;
			files = (
				08C63C5D2342129A00A3600A /* NetworkManager.swift in Sources */,
				08264225234441B000BF80EA /* BookProtocol.swift in Sources */,
				08C63C5F2342138E00A3600A /* BukuModel.swift in Sources */,
				086957E72341E005002EE323 /* AppDelegate.swift in Sources */,
				08C63C59234209E200A3600A /* APIRouter.swift in Sources */,
				086EFB58234350B000208289 /* ListCollectionViewController.swift in Sources */,
				08C63C5B23420D5F00A3600A /* Constant.swift in Sources */,
				086EFB5A234350D600208289 /* ListCell.swift in Sources */,
				086EFB5C234351D200208289 /* SearchListHeaderView.swift in Sources */,
				086957EF2341E005002EE323 /* NetzmeFindBook.xcdatamodeld in Sources */,
				08C63C572341ED4800A3600A /* HomeViewController.swift in Sources */,
			);
			runOnlyForDeploymentPostprocessing = 0;
		};
/* End PBXSourcesBuildPhase section */

/* Begin PBXVariantGroup section */
		086957EA2341E005002EE323 /* Main.storyboard */ = {
			isa = PBXVariantGroup;
			children = (
				086957EB2341E005002EE323 /* Base */,
			);
			name = Main.storyboard;
			sourceTree = "<group>";
		};
		086957F22341E006002EE323 /* LaunchScreen.storyboard */ = {
			isa = PBXVariantGroup;
			children = (
				086957F32341E006002EE323 /* Base */,
			);
			name = LaunchScreen.storyboard;
			sourceTree = "<group>";
		};
/* End PBXVariantGroup section */

/* Begin XCBuildConfiguration section */
		086957F62341E006002EE323 /* Debug */ = {
			isa = XCBuildConfiguration;
			buildSettings = {
				ALWAYS_SEARCH_USER_PATHS = NO;
				CLANG_ANALYZER_NONNULL = YES;
				CLANG_ANALYZER_NUMBER_OBJECT_CONVERSION = YES_AGGRESSIVE;
				CLANG_CXX_LANGUAGE_STANDARD = "gnu++14";
				CLANG_CXX_LIBRARY = "libc++";
				CLANG_ENABLE_MODULES = YES;
				CLANG_ENABLE_OBJC_ARC = YES;
				CLANG_ENABLE_OBJC_WEAK = YES;
				CLANG_WARN_BLOCK_CAPTURE_AUTORELEASING = YES;
				CLANG_WARN_BOOL_CONVERSION = YES;
				CLANG_WARN_COMMA = YES;
				CLANG_WARN_CONSTANT_CONVERSION = YES;
				CLANG_WARN_DEPRECATED_OBJC_IMPLEMENTATIONS = YES;
				CLANG_WARN_DIRECT_OBJC_ISA_USAGE = YES_ERROR;
				CLANG_WARN_DOCUMENTATION_COMMENTS = YES;
				CLANG_WARN_EMPTY_BODY = YES;
				CLANG_WARN_ENUM_CONVERSION = YES;
				CLANG_WARN_INFINITE_RECURSION = YES;
				CLANG_WARN_INT_CONVERSION = YES;
				CLANG_WARN_NON_LITERAL_NULL_CONVERSION = YES;
				CLANG_WARN_OBJC_IMPLICIT_RETAIN_SELF = YES;
				CLANG_WARN_OBJC_LITERAL_CONVERSION = YES;
				CLANG_WARN_OBJC_ROOT_CLASS = YES_ERROR;
				CLANG_WARN_RANGE_LOOP_ANALYSIS = YES;
				CLANG_WARN_STRICT_PROTOTYPES = YES;
				CLANG_WARN_SUSPICIOUS_MOVE = YES;
				CLANG_WARN_UNGUARDED_AVAILABILITY = YES_AGGRESSIVE;
				CLANG_WARN_UNREACHABLE_CODE = YES;
				CLANG_WARN__DUPLICATE_METHOD_MATCH = YES;
				CODE_SIGN_IDENTITY = "iPhone Developer";
				COPY_PHASE_STRIP = NO;
				DEBUG_INFORMATION_FORMAT = dwarf;
				ENABLE_STRICT_OBJC_MSGSEND = YES;
				ENABLE_TESTABILITY = YES;
				GCC_C_LANGUAGE_STANDARD = gnu11;
				GCC_DYNAMIC_NO_PIC = NO;
				GCC_NO_COMMON_BLOCKS = YES;
				GCC_OPTIMIZATION_LEVEL = 0;
				GCC_PREPROCESSOR_DEFINITIONS = (
					"DEBUG=1",
					"$(inherited)",
				);
				GCC_WARN_64_TO_32_BIT_CONVERSION = YES;
				GCC_WARN_ABOUT_RETURN_TYPE = YES_ERROR;
				GCC_WARN_UNDECLARED_SELECTOR = YES;
				GCC_WARN_UNINITIALIZED_AUTOS = YES_AGGRESSIVE;
				GCC_WARN_UNUSED_FUNCTION = YES;
				GCC_WARN_UNUSED_VARIABLE = YES;
				IPHONEOS_DEPLOYMENT_TARGET = 12.2;
				MTL_ENABLE_DEBUG_INFO = INCLUDE_SOURCE;
				MTL_FAST_MATH = YES;
				ONLY_ACTIVE_ARCH = YES;
				SDKROOT = iphoneos;
				SWIFT_ACTIVE_COMPILATION_CONDITIONS = DEBUG;
				SWIFT_OPTIMIZATION_LEVEL = "-Onone";
			};
			name = Debug;
		};
		086957F72341E006002EE323 /* Release */ = {
			isa = XCBuildConfiguration;
			buildSettings = {
				ALWAYS_SEARCH_USER_PATHS = NO;
				CLANG_ANALYZER_NONNULL = YES;
				CLANG_ANALYZER_NUMBER_OBJECT_CONVERSION = YES_AGGRESSIVE;
				CLANG_CXX_LANGUAGE_STANDARD = "gnu++14";
				CLANG_CXX_LIBRARY = "libc++";
				CLANG_ENABLE_MODULES = YES;
				CLANG_ENABLE_OBJC_ARC = YES;
				CLANG_ENABLE_OBJC_WEAK = YES;
				CLANG_WARN_BLOCK_CAPTURE_AUTORELEASING = YES;
				CLANG_WARN_BOOL_CONVERSION = YES;
				CLANG_WARN_COMMA = YES;
				CLANG_WARN_CONSTANT_CONVERSION = YES;
				CLANG_WARN_DEPRECATED_OBJC_IMPLEMENTATIONS = YES;
				CLANG_WARN_DIRECT_OBJC_ISA_USAGE = YES_ERROR;
				CLANG_WARN_DOCUMENTATION_COMMENTS = YES;
				CLANG_WARN_EMPTY_BODY = YES;
				CLANG_WARN_ENUM_CONVERSION = YES;
				CLANG_WARN_INFINITE_RECURSION = YES;
				CLANG_WARN_INT_CONVERSION = YES;
				CLANG_WARN_NON_LITERAL_NULL_CONVERSION = YES;
				CLANG_WARN_OBJC_IMPLICIT_RETAIN_SELF = YES;
				CLANG_WARN_OBJC_LITERAL_CONVERSION = YES;
				CLANG_WARN_OBJC_ROOT_CLASS = YES_ERROR;
				CLANG_WARN_RANGE_LOOP_ANALYSIS = YES;
				CLANG_WARN_STRICT_PROTOTYPES = YES;
				CLANG_WARN_SUSPICIOUS_MOVE = YES;
				CLANG_WARN_UNGUARDED_AVAILABILITY = YES_AGGRESSIVE;
				CLANG_WARN_UNREACHABLE_CODE = YES;
				CLANG_WARN__DUPLICATE_METHOD_MATCH = YES;
				CODE_SIGN_IDENTITY = "iPhone Developer";
				COPY_PHASE_STRIP = NO;
				DEBUG_INFORMATION_FORMAT = "dwarf-with-dsym";
				ENABLE_NS_ASSERTIONS = NO;
				ENABLE_STRICT_OBJC_MSGSEND = YES;
				GCC_C_LANGUAGE_STANDARD = gnu11;
				GCC_NO_COMMON_BLOCKS = YES;
				GCC_WARN_64_TO_32_BIT_CONVERSION = YES;
				GCC_WARN_ABOUT_RETURN_TYPE = YES_ERROR;
				GCC_WARN_UNDECLARED_SELECTOR = YES;
				GCC_WARN_UNINITIALIZED_AUTOS = YES_AGGRESSIVE;
				GCC_WARN_UNUSED_FUNCTION = YES;
				GCC_WARN_UNUSED_VARIABLE = YES;
				IPHONEOS_DEPLOYMENT_TARGET = 12.2;
				MTL_ENABLE_DEBUG_INFO = NO;
				MTL_FAST_MATH = YES;
				SDKROOT = iphoneos;
				SWIFT_COMPILATION_MODE = wholemodule;
				SWIFT_OPTIMIZATION_LEVEL = "-O";
				VALIDATE_PRODUCT = YES;
			};
			name = Release;
		};
		086957F92341E006002EE323 /* Debug */ = {
			isa = XCBuildConfiguration;
			baseConfigurationReference = 9FDA41279FAC96F1C4FD512E /* Pods-NetzmeFindBook.debug.xcconfig */;
			buildSettings = {
				ASSETCATALOG_COMPILER_APPICON_NAME = AppIcon;
				CODE_SIGN_STYLE = Automatic;
				DEVELOPMENT_TEAM = 9ZDFPF5YK4;
				INFOPLIST_FILE = NetzmeFindBook/Resources/Info.plist;
				LD_RUNPATH_SEARCH_PATHS = (
					"$(inherited)",
					"@executable_path/Frameworks",
				);
				PRODUCT_BUNDLE_IDENTIFIER = io.mar.NetzmeFindBook;
				PRODUCT_NAME = "$(TARGET_NAME)";
				SWIFT_VERSION = 5.0;
				TARGETED_DEVICE_FAMILY = "1,2";
			};
			name = Debug;
		};
		086957FA2341E006002EE323 /* Release */ = {
			isa = XCBuildConfiguration;
			baseConfigurationReference = AAD92F555E2B992C56EB37C5 /* Pods-NetzmeFindBook.release.xcconfig */;
			buildSettings = {
				ASSETCATALOG_COMPILER_APPICON_NAME = AppIcon;
				CODE_SIGN_STYLE = Automatic;
				DEVELOPMENT_TEAM = 9ZDFPF5YK4;
				INFOPLIST_FILE = NetzmeFindBook/Resources/Info.plist;
				LD_RUNPATH_SEARCH_PATHS = (
					"$(inherited)",
					"@executable_path/Frameworks",
				);
				PRODUCT_BUNDLE_IDENTIFIER = io.mar.NetzmeFindBook;
				PRODUCT_NAME = "$(TARGET_NAME)";
				SWIFT_VERSION = 5.0;
				TARGETED_DEVICE_FAMILY = "1,2";
			};
			name = Release;
		};
/* End XCBuildConfiguration section */

/* Begin XCConfigurationList section */
		086957DE2341E005002EE323 /* Build configuration list for PBXProject "NetzmeFindBook" */ = {
			isa = XCConfigurationList;
			buildConfigurations = (
				086957F62341E006002EE323 /* Debug */,
				086957F72341E006002EE323 /* Release */,
			);
			defaultConfigurationIsVisible = 0;
			defaultConfigurationName = Release;
		};
		086957F82341E006002EE323 /* Build configuration list for PBXNativeTarget "NetzmeFindBook" */ = {
			isa = XCConfigurationList;
			buildConfigurations = (
				086957F92341E006002EE323 /* Debug */,
				086957FA2341E006002EE323 /* Release */,
			);
			defaultConfigurationIsVisible = 0;
			defaultConfigurationName = Release;
		};
/* End XCConfigurationList section */

/* Begin XCVersionGroup section */
		086957ED2341E005002EE323 /* NetzmeFindBook.xcdatamodeld */ = {
			isa = XCVersionGroup;
			children = (
				086957EE2341E005002EE323 /* NetzmeFindBook.xcdatamodel */,
			);
			currentVersion = 086957EE2341E005002EE323 /* NetzmeFindBook.xcdatamodel */;
			path = NetzmeFindBook.xcdatamodeld;
			sourceTree = "<group>";
			versionGroupType = wrapper.xcdatamodel;
		};
/* End XCVersionGroup section */
	};
	rootObject = 086957DB2341E005002EE323 /* Project object */;
}
